{
  "name": "5.2",
  "lockfileVersion": 3,
  "requires": true,
  "packages": {
    "": {
      "dependencies": {
        "types-registry": "^0.1.686"
      },
      "devDependencies": {
        "@types/eslint": "^9.6.1",
        "@types/react": "^18.3.8",
        "@types/react-dom": "^18.3.0"
      }
    },
    "node_modules/@types/eslint": {
      "version": "9.6.1",
      "resolved": "https://registry.npmjs.org/@types/eslint/-/eslint-9.6.1.tgz",
      "integrity": "sha512-FXx2pKgId/WyYo2jXw63kk7/+TY7u7AziEJxJAnSFzHlqTAS3Ync6SvgYAN/k4/PQpnnVuzoMuVnByKK2qp0ag==",
      "dev": true,
      "license": "MIT",
      "dependencies": {
        "@types/estree": "*",
        "@types/json-schema": "*"
      }
    },
    "node_modules/@types/estree": {
      "version": "1.0.5",
      "resolved": "https://registry.npmjs.org/@types/estree/-/estree-1.0.5.tgz",
      "integrity": "sha512-/kYRxGDLWzHOB7q+wtSUQlFrtcdUccpfy+X+9iMBpHK8QLLhx2wIPYuS5DYtR9Wa/YlZAbIovy7qVdB1Aq6Lyw==",
      "dev": true
    },
    "node_modules/@types/json-schema": {
      "version": "7.0.15",
      "resolved": "https://registry.npmjs.org/@types/json-schema/-/json-schema-7.0.15.tgz",
      "integrity": "sha512-5+fP8P8MFNC+AyZCDxrB2pkZFPGzqQWUzpSeuuVLvm8VMcorNYavBqoFcxK8bQz4Qsbn4oUEEem4wDLfcysGHA==",
      "dev": true
    },
    "node_modules/@types/prop-types": {
      "version": "15.7.11",
      "resolved": "https://registry.npmjs.org/@types/prop-types/-/prop-types-15.7.11.tgz",
      "integrity": "sha512-ga8y9v9uyeiLdpKddhxYQkxNDrfvuPrlFb0N1qnZZByvcElJaXthF1UhvCh9TLWJBEHeNtdnbysW7Y6Uq8CVng==",
      "dev": true
    },
    "node_modules/@types/react": {
      "version": "18.3.8",
      "resolved": "https://registry.npmjs.org/@types/react/-/react-18.3.8.tgz",
      "integrity": "sha512-syBUrW3/XpnW4WJ41Pft+I+aPoDVbrBVQGEnbD7NijDGlVC+8gV/XKRY+7vMDlfPpbwYt0l1vd/Sj8bJGMbs9Q==",
      "dev": true,
      "license": "MIT",
      "dependencies": {
        "@types/prop-types": "*",
        "csstype": "^3.0.2"
      }
    },
    "node_modules/@types/react-dom": {
      "version": "18.3.0",
      "resolved": "https://registry.npmjs.org/@types/react-dom/-/react-dom-18.3.0.tgz",
      "integrity": "sha512-EhwApuTmMBmXuFOikhQLIBUn6uFg81SwLMOAUgodJF14SOBOCMdU04gDoYi0WOJJHD144TL32z4yDqCW3dnkQg==",
      "dev": true,
      "license": "MIT",
      "dependencies": {
        "@types/react": "*"
      }
    },
    "node_modules/csstype": {
      "version": "3.1.3",
      "resolved": "https://registry.npmjs.org/csstype/-/csstype-3.1.3.tgz",
      "integrity": "sha512-M1uQkMl8rQK/szD0LNhtqxIPLpimGm8sOBwU7lLnCpSbTyY3yeU1Vc7l4KT5zT4s/yOxHH5O7tIuuLOCnLADRw==",
      "dev": true
    },
    "node_modules/types-registry": {
      "version": "0.1.686",
      "resolved": "https://registry.npmjs.org/types-registry/-/types-registry-0.1.686.tgz",
      "integrity": "sha512-FUL2/+hfBK9tnp0QNYoCr5mWPNA3MpN7L9pedWzR6qdhzBu6jReI4KmmKdAuK6xSmplP8Xuli2aCm/D+Fh3qdQ==",
      "license": "MIT"
    }
  }
}
